
Microsoft Visual Studio Solution File, Format Version 12.00
# Visual Studio Version 17
VisualStudioVersion = 17.3.32922.545
MinimumVisualStudioVersion = 10.0.40219.1
Project("{FAE04EC0-301F-11D3-BF4B-00C04F79EFBC}") = "crudblazor4.Server", "crudblazor4\Server\crudblazor4.Server.csproj", "{AB75FF63-0C4F-4195-B3B9-D6DA199F4DE9}"
EndProject
Project("{FAE04EC0-301F-11D3-BF4B-00C04F79EFBC}") = "crudblazor4.Client", "crudblazor4\Client\crudblazor4.Client.csproj", "{04E7A7C2-6043-4C8D-8F35-7F9CAEEAC9B5}"
EndProject
Project("{FAE04EC0-301F-11D3-BF4B-00C04F79EFBC}") = "crudblazor4.Shared", "crudblazor4\Shared\crudblazor4.Shared.csproj", "{4181802F-781A-480D-8546-AE62C7C06F5C}"
EndProject
Global
	GlobalSection(SolutionConfigurationPlatforms) = preSolution
		Debug|Any CPU = Debug|Any CPU
		Release|Any CPU = Release|Any CPU
	EndGlobalSection
	GlobalSection(ProjectConfigurationPlatforms) = postSolution
		{AB75FF63-0C4F-4195-B3B9-D6DA199F4DE9}.Debug|Any CPU.ActiveCfg = Debug|Any CPU
		{AB75FF63-0C4F-4195-B3B9-D6DA199F4DE9}.Debug|Any CPU.Build.0 = Debug|Any CPU
		{AB75FF63-0C4F-4195-B3B9-D6DA199F4DE9}.Release|Any CPU.ActiveCfg = Release|Any CPU
		{AB75FF63-0C4F-4195-B3B9-D6DA199F4DE9}.Release|Any CPU.Build.0 = Release|Any CPU
		{04E7A7C2-6043-4C8D-8F35-7F9CAEEAC9B5}.Debug|Any CPU.ActiveCfg = Debug|Any CPU
		{04E7A7C2-6043-4C8D-8F35-7F9CAEEAC9B5}.Debug|Any CPU.Build.0 = Debug|Any CPU
		{04E7A7C2-6043-4C8D-8F35-7F9CAEEAC9B5}.Release|Any CPU.ActiveCfg = Release|Any CPU
		{04E7A7C2-6043-4C8D-8F35-7F9CAEEAC9B5}.Release|Any CPU.Build.0 = Release|Any CPU
		{4181802F-781A-480D-8546-AE62C7C06F5C}.Debug|Any CPU.ActiveCfg = Debug|Any CPU
		{4181802F-781A-480D-8546-AE62C7C06F5C}.Debug|Any CPU.Build.0 = Debug|Any CPU
		{4181802F-781A-480D-8546-AE62C7C06F5C}.Release|Any CPU.ActiveCfg = Release|Any CPU
		{4181802F-781A-480D-8546-AE62C7C06F5C}.Release|Any CPU.Build.0 = Release|Any CPU
	EndGlobalSection
	GlobalSection(SolutionProperties) = preSolution
		HideSolutionNode = FALSE
	EndGlobalSection
	GlobalSection(ExtensibilityGlobals) = postSolution
		SolutionGuid = {274279B1-D397-436C-A418-CCA80656DB8D}
	EndGlobalSection
EndGlobal
